lockfileVersion: '9.0'

settings:
  autoInstallPeers: true
  excludeLinksFromLockfile: false

importers:

  .:
    dependencies:
      '@mantine/core':
        specifier: ^9.1.0
        version: 9.1.0(@mantine/hooks@9.1.0(react@19.2.5))(@types/react@19.2.14)(react-dom@19.2.5(react@19.2.5))(react@19.2.5)
      '@mantine/hooks':
        specifier: ^9.1.0
        version: 9.1.0(react@19.2.5)
      '@tabler/icons-react':
        specifier: ^3.41.1
        version: 3.41.1(react@19.2.5)
      '@tanstack/react-query':
        specifier: ^5.100.1
        version: 5.100.5(react@19.2.5)
      react:
        specifier: ^19.2.5
        version: 19.2.5
      react-dom:
        specifier: ^19.2.5
        version: 19.2.5(react@19.2.5)
    devDependencies:
      '@playwright/test':
        specifier: ^1.59.1
        version: 1.59.1
      '@types/react':
        specifier: ^19.0.0
        version: 19.2.14
      '@types/react-dom':
        specifier: ^19.0.0
        version: 19.2.3(@types/react@19.2.14)
      otplib:
        specifier: ^13.4.0
        version: 13.4.0
      typescript:
        specifier: ^6.0.3
        version: 6.0.3
      vite:
        specifier: ^8.0.10
        version: 8.0.10
      vite-plugin-css-injected-by-js:
        specifier: ^3.5.2
        version: 3.5.2(vite@8.0.10)

packages:

  '@emnapi/core@1.10.0':
    resolution: {integrity: sha512-yq6OkJ4p82CAfPl0u9mQebQHKPJkY7WrIuk205cTYnYe+k2Z8YBh11FrbRG/H6ihirqcacOgl2BIO8oyMQLeXw==}

  '@emnapi/runtime@1.10.0':
    resolution: {integrity: sha512-ewvYlk86xUoGI0zQRNq/mC+16R1QeDlKQy21Ki3oSYXNgLb45GV1P6A0M+/s6nyCuNDqe5VpaY84BzXGwVbwFA==}

  '@emnapi/wasi-threads@1.2.1':
    resolution: {integrity: sha512-uTII7OYF+/Mes/MrcIOYp5yOtSMLBWSIoLPpcgwipoiKbli6k322tcoFsxoIIxPDqW01SQGAgko4EzZi2BNv2w==}

  '@floating-ui/core@1.7.5':
    resolution: {integrity: sha512-1Ih4WTWyw0+lKyFMcBHGbb5U5FtuHJuujoyyr5zTaWS5EYMeT6Jb2AuDeftsCsEuchO+mM2ij5+q9crhydzLhQ==}

  '@floating-ui/dom@1.7.6':
    resolution: {integrity: sha512-9gZSAI5XM36880PPMm//9dfiEngYoC6Am2izES1FF406YFsjvyBMmeJ2g4SAju3xWwtuynNRFL2s9hgxpLI5SQ==}

  '@floating-ui/react-dom@2.1.8':
    resolution: {integrity: sha512-cC52bHwM/n/CxS87FH0yWdngEZrjdtLW/qVruo68qg+prK7ZQ4YGdut2GyDVpoGeAYe/h899rVeOVm6Oi40k2A==}
    peerDependencies:
      react: '>=16.8.0'
      react-dom: '>=16.8.0'

  '@floating-ui/react@0.27.19':
    resolution: {integrity: sha512-31B8h5mm8YxotlE7/AU/PhNAl8eWxAmjL/v2QOxroDNkTFLk3Uu82u63N3b6TXa4EGJeeZLVcd/9AlNlVqzeog==}
    peerDependencies:
      react: '>=17.0.0'
      react-dom: '>=17.0.0'

  '@floating-ui/utils@0.2.11':
    resolution: {integrity: sha512-RiB/yIh78pcIxl6lLMG0CgBXAZ2Y0eVHqMPYugu+9U0AeT6YBeiJpf7lbdJNIugFP5SIjwNRgo4DhR1Qxi26Gg==}

  '@mantine/core@9.1.0':
    resolution: {integrity: sha512-gT14pELclqrxhWZsFoY6MxN3dtVKxwUQFM9Y5SNzNyHgm6Mjh374pFdMg7P6FOECXYy1nlTP8y5S1vIR9CiNTA==}
    peerDependencies:
      '@mantine/hooks': 9.1.0
      react: ^19.2.0
      react-dom: ^19.2.0

  '@mantine/hooks@9.1.0':
    resolution: {integrity: sha512-qWES5aD0fYfhEP1Kg82IYUZSg1fT9VTwJJF2jmn9lpIAYR2Bht9GIeWMd3WgjRNaxU+7A1I9rC2HADs0khKUpQ==}
    peerDependencies:
      react: ^19.2.0

  '@napi-rs/wasm-runtime@1.1.4':
    resolution: {integrity: sha512-3NQNNgA1YSlJb/kMH1ildASP9HW7/7kYnRI2szWJaofaS1hWmbGI4H+d3+22aGzXXN9IJ+n+GiFVcGipJP18ow==}
    peerDependencies:
      '@emnapi/core': ^1.7.1
      '@emnapi/runtime': ^1.7.1

  '@noble/hashes@2.2.0':
    resolution: {integrity: sha512-IYqDGiTXab6FniAgnSdZwgWbomxpy9FtYvLKs7wCUs2a8RkITG+DFGO1DM9cr+E3/RgADRpFjrKVaJ1z6sjtEg==}
    engines: {node: '>= 20.19.0'}

  '@otplib/core@13.4.0':
    resolution: {integrity: sha512-JqOGcvZQi2wIkEQo8f3/iAjstavpXy6gouIDMHygjNuH6Q0FjbHOiXMdcE94RwfgDNMABhzwUmvaPsxvgm9NYw==}

  '@otplib/hotp@13.4.0':
    resolution: {integrity: sha512-MJjE0x06mn2ptymz5qZmQveb+vWFuaIftqE0b5/TZZqUOK7l97cV8lRTmid5BpAQMwJDNLW6RnYxGeCRiNdekw==}

  '@otplib/plugin-base32-scure@13.4.0':
    resolution: {integrity: sha512-/t9YWJmMbB8bF5z8mXrBZc2FXBe8B/3hG5FhWr9K8cFwFhyxScbPysmZe8s1UTzSA6N+s8Uv8aIfCtVXPNjJWw==}

  '@otplib/plugin-crypto-noble@13.4.0':
    resolution: {integrity: sha512-KrvE4m7Zv+TT1944HzgqFJWJpKb6AyoxDbvhPStmBqdMlv5Gekb80d66cuFRL08kkPgJ5gXUSb5SFpYeB+bACg==}

  '@otplib/totp@13.4.0':
    resolution: {integrity: sha512-dK+vl0f0ekzf6mCENRI9AKS2NJUC7OjI3+X8e7QSnhQ2WM7I+i4PGpb3QxKi5hxjTtwVuoZwXR2CFtXdcRtNdQ==}

  '@otplib/uri@13.4.0':
    resolution: {integrity: sha512-x1ozBa5bPbdZCrrTL/HK21qchiK7jYElTu+0ft22abeEhiLYgH1+SIULvOcVk3CK8YwF4kdcidvkq4ciejucJA==}

  '@oxc-project/types@0.127.0':
    resolution: {integrity: sha512-aIYXQBo4lCbO4z0R3FHeucQHpF46l2LbMdxRvqvuRuW2OxdnSkcng5B8+K12spgLDj93rtN3+J2Vac/TIO+ciQ==}

  '@playwright/test@1.59.1':
    resolution: {integrity: sha512-PG6q63nQg5c9rIi4/Z5lR5IVF7yU5MqmKaPOe0HSc0O2cX1fPi96sUQu5j7eo4gKCkB2AnNGoWt7y4/Xx3Kcqg==}
    engines: {node: '>=18'}
    hasBin: true

  '@rolldown/binding-android-arm64@1.0.0-rc.17':
    resolution: {integrity: sha512-s70pVGhw4zqGeFnXWvAzJDlvxhlRollagdCCKRgOsgUOH3N1l0LIxf83AtGzmb5SiVM4Hjl5HyarMRfdfj3DaQ==}
    engines: {node: ^20.19.0 || >=22.12.0}
    cpu: [arm64]
    os: [android]

  '@rolldown/binding-darwin-arm64@1.0.0-rc.17':
    resolution: {integrity: sha512-4ksWc9n0mhlZpZ9PMZgTGjeOPRu8MB1Z3Tz0Mo02eWfWCHMW1zN82Qz/pL/rC+yQa+8ZnutMF0JjJe7PjwasYw==}
    engines: {node: ^20.19.0 || >=22.12.0}
    cpu: [arm64]
    os: [darwin]

  '@rolldown/binding-darwin-x64@1.0.0-rc.17':
    resolution: {integrity: sha512-SUSDOI6WwUVNcWxd02QEBjLdY1VPHvlEkw6T/8nYG322iYWCTxRb1vzk4E+mWWYehTp7ERibq54LSJGjmouOsw==}
    engines: {node: ^20.19.0 || >=22.12.0}
    cpu: [x64]
    os: [darwin]

  '@rolldown/binding-freebsd-x64@1.0.0-rc.17':
    resolution: {integrity: sha512-hwnz3nw9dbJ05EDO/PvcjaaewqqDy7Y1rn1UO81l8iIK1GjenME75dl16ajbvSSMfv66WXSRCYKIqfgq2KCfxw==}
    engines: {node: ^20.19.0 || >=22.12.0}
    cpu: [x64]
    os: [freebsd]

  '@rolldown/binding-linux-arm-gnueabihf@1.0.0-rc.17':
    resolution: {integrity: sha512-IS+W7epTcwANmFSQFrS1SivEXHtl1JtuQA9wlxrZTcNi6mx+FDOYrakGevvvTwgj2JvWiK8B29/qD9BELZPyXQ==}
    engines: {node: ^20.19.0 || >=22.12.0}
    cpu: [arm]
    os: [linux]

  '@rolldown/binding-linux-arm64-gnu@1.0.0-rc.17':
    resolution: {integrity: sha512-e6usGaHKW5BMNZOymS1UcEYGowQMWcgZ71Z17Sl/h2+ZziNJ1a9n3Zvcz6LdRyIW5572wBCTH/Z+bKuZouGk9Q==}
    engines: {node: ^20.19.0 || >=22.12.0}
    cpu: [arm64]
    os: [linux]
    libc: [glibc]

  '@rolldown/binding-linux-arm64-musl@1.0.0-rc.17':
    resolution: {integrity: sha512-b/CgbwAJpmrRLp02RPfhbudf5tZnN9nsPWK82znefso832etkem8H7FSZwxrOI9djcdTP7U6YfNhbRnh7djErg==}
    engines: {node: ^20.19.0 || >=22.12.0}
    cpu: [arm64]
    os: [linux]
    libc: [musl]

  '@rolldown/binding-linux-ppc64-gnu@1.0.0-rc.17':
    resolution: {integrity: sha512-4EII1iNGRUN5WwGbF/kOh/EIkoDN9HsupgLQoXfY+D1oyJm7/F4t5PYU5n8SWZgG0FEwakyM8pGgwcBYruGTlA==}
    engines: {node: ^20.19.0 || >=22.12.0}
    cpu: [ppc64]
    os: [linux]
    libc: [glibc]

  '@rolldown/binding-linux-s390x-gnu@1.0.0-rc.17':
    resolution: {integrity: sha512-AH8oq3XqQo4IibpVXvPeLDI5pzkpYn0WiZAfT05kFzoJ6tQNzwRdDYQ45M8I/gslbodRZwW8uxLhbSBbkv96rA==}
    engines: {node: ^20.19.0 || >=22.12.0}
    cpu: [s390x]
    os: [linux]
    libc: [glibc]

  '@rolldown/binding-linux-x64-gnu@1.0.0-rc.17':
    resolution: {integrity: sha512-cLnjV3xfo7KslbU41Z7z8BH/E1y5mzUYzAqih1d1MDaIGZRCMqTijqLv76/P7fyHuvUcfGsIpqCdddbxLLK9rA==}
    engines: {node: ^20.19.0 || >=22.12.0}
    cpu: [x64]
    os: [linux]
    libc: [glibc]

  '@rolldown/binding-linux-x64-musl@1.0.0-rc.17':
    resolution: {integrity: sha512-0phclDw1spsL7dUB37sIARuis2tAgomCJXAHZlpt8PXZ4Ba0dRP1e+66lsRqrfhISeN9bEGNjQs+T/Fbd7oYGw==}
    engines: {node: ^20.19.0 || >=22.12.0}
    cpu: [x64]
    os: [linux]
    libc: [musl]

  '@rolldown/binding-openharmony-arm64@1.0.0-rc.17':
    resolution: {integrity: sha512-0ag/hEgXOwgw4t8QyQvUCxvEg+V0KBcA6YuOx9g0r02MprutRF5dyljgm3EmR02O292UX7UeS6HzWHAl6KgyhA==}
    engines: {node: ^20.19.0 || >=22.12.0}
    cpu: [arm64]
    os: [openharmony]

  '@rolldown/binding-wasm32-wasi@1.0.0-rc.17':
    resolution: {integrity: sha512-LEXei6vo0E5wTGwpkJ4KoT3OZJRnglwldt5ziLzOlc6qqb55z4tWNq2A+PFqCJuvWWdP53CVhG1Z9NtToDPJrA==}
    engines: {node: ^20.19.0 || >=22.12.0}
    cpu: [wasm32]

  '@rolldown/binding-win32-arm64-msvc@1.0.0-rc.17':
    resolution: {integrity: sha512-gUmyzBl3SPMa6hrqFUth9sVfcLBlYsbMzBx5PlexMroZStgzGqlZ26pYG89rBb45Mnia+oil6YAIFeEWGWhoZA==}
    engines: {node: ^20.19.0 || >=22.12.0}
    cpu: [arm64]
    os: [win32]

  '@rolldown/binding-win32-x64-msvc@1.0.0-rc.17':
    resolution: {integrity: sha512-3hkiolcUAvPB9FLb3UZdfjVVNWherN1f/skkGWJP/fgSQhYUZpSIRr0/I8ZK9TkF3F7kxvJAk0+IcKvPHk9qQg==}
    engines: {node: ^20.19.0 || >=22.12.0}
    cpu: [x64]
    os: [win32]

  '@rolldown/pluginutils@1.0.0-rc.17':
    resolution: {integrity: sha512-n8iosDOt6Ig1UhJ2AYqoIhHWh/isz0xpicHTzpKBeotdVsTEcxsSA/i3EVM7gQAj0rU27OLAxCjzlj15IWY7bg==}

  '@scure/base@2.2.0':
    resolution: {integrity: sha512-b8XEupJibegiXV+tDUseI8oLQc8ei3d/4Jkb2RpbHh3MfE054ov3uIz2dhFkB3FI8iwYkEh0gGCApkrYggkPNg==}

  '@tabler/icons-react@3.41.1':
    resolution: {integrity: sha512-kUgweE+DJtAlMZVIns1FTDdcbpRVnkK7ZpUOXmoxy3JAF0rSHj0TcP4VHF14+gMJGnF+psH2Zt26BLT6owetBA==}
    peerDependencies:
      react: '>= 16'

  '@tabler/icons@3.41.1':
    resolution: {integrity: sha512-OaRnVbRmH2nHtFeg+RmMJ/7m2oBIF9XCJAUD5gQnMrpK9f05ydj8MZrAf3NZQqOXyxGN1UBL0D5IKLLEUfr74Q==}

  '@tanstack/query-core@5.100.5':
    resolution: {integrity: sha512-t20KrhKkf0HXzqQkPbJ5erhFesup68BAbwFgYmTrS7bxMF7O5MdmL8jUkik4thsG7Hg00fblz30h6yF1d5TxGg==}

  '@tanstack/react-query@5.100.5':
    resolution: {integrity: sha512-aNwj1mi2v2bQ9IxkyR1grLOUkv3BYWoykHy9KDyLNbjC3tsahbOHJibK+Wjtr1wRhG59/AvJhiJG5OlthaCgJA==}
    peerDependencies:
      react: ^18 || ^19

  '@tybys/wasm-util@0.10.1':
    resolution: {integrity: sha512-9tTaPJLSiejZKx+Bmog4uSubteqTvFrVrURwkmHixBo0G4seD0zUxp98E1DzUBJxLQ3NPwXrGKDiVjwx/DpPsg==}

  '@types/react-dom@19.2.3':
    resolution: {integrity: sha512-jp2L/eY6fn+KgVVQAOqYItbF0VY/YApe5Mz2F0aykSO8gx31bYCZyvSeYxCHKvzHG5eZjc+zyaS5BrBWya2+kQ==}
    peerDependencies:
      '@types/react': ^19.2.0

  '@types/react@19.2.14':
    resolution: {integrity: sha512-ilcTH/UniCkMdtexkoCN0bI7pMcJDvmQFPvuPvmEaYA/NSfFTAgdUSLAoVjaRJm7+6PvcM+q1zYOwS4wTYMF9w==}

  clsx@2.1.1:
    resolution: {integrity: sha512-eYm0QWBtUrBWZWG0d386OGAw16Z995PiOVo2B7bjWSbHedGl5e0ZWaq65kOGgUSNesEIDkB9ISbTg/JK9dhCZA==}
    engines: {node: '>=6'}

  csstype@3.2.3:
    resolution: {integrity: sha512-z1HGKcYy2xA8AGQfwrn0PAy+PB7X/GSj3UVJW9qKyn43xWa+gl5nXmU4qqLMRzWVLFC8KusUX8T/0kCiOYpAIQ==}

  detect-libc@2.1.2:
    resolution: {integrity: sha512-Btj2BOOO83o3WyH59e8MgXsxEQVcarkUOpEYrubB0urwnN10yQ364rsiByU11nZlqWYZm05i/of7io4mzihBtQ==}
    engines: {node: '>=8'}

  detect-node-es@1.1.0:
    resolution: {integrity: sha512-ypdmJU/TbBby2Dxibuv7ZLW3Bs1QEmM7nHjEANfohJLvE0XVujisn1qPJcZxg+qDucsr+bP6fLD1rPS3AhJ7EQ==}

  fdir@6.5.0:
    resolution: {integrity: sha512-tIbYtZbucOs0BRGqPJkshJUYdL+SDH7dVM8gjy+ERp3WAUjLEFJE+02kanyHtwjWOnwrKYBiwAmM0p4kLJAnXg==}
    engines: {node: '>=12.0.0'}
    peerDependencies:
      picomatch: ^3 || ^4
    peerDependenciesMeta:
      picomatch:
        optional: true

  fsevents@2.3.2:
    resolution: {integrity: sha512-xiqMQR4xAeHTuB9uWm+fFRcIOgKBMiOBP+eXiyT7jsgVCq1bkVygt00oASowB7EdtpOHaaPgKt812P9ab+DDKA==}
    engines: {node: ^8.16.0 || ^10.6.0 || >=11.0.0}
    os: [darwin]

  fsevents@2.3.3:
    resolution: {integrity: sha512-5xoDfX+fL7faATnagmWPpbFtwh/R77WmMMqqHGS65C3vvB0YHrgF+B1YmZ3441tMj5n63k0212XNoJwzlhffQw==}
    engines: {node: ^8.16.0 || ^10.6.0 || >=11.0.0}
    os: [darwin]

  get-nonce@1.0.1:
    resolution: {integrity: sha512-FJhYRoDaiatfEkUK8HKlicmu/3SGFD51q3itKDGoSTysQJBnfOcxU5GxnhE1E6soB76MbT0MBtnKJuXyAx+96Q==}
    engines: {node: '>=6'}

  lightningcss-android-arm64@1.32.0:
    resolution: {integrity: sha512-YK7/ClTt4kAK0vo6w3X+Pnm0D2cf2vPHbhOXdoNti1Ga0al1P4TBZhwjATvjNwLEBCnKvjJc2jQgHXH0NEwlAg==}
    engines: {node: '>= 12.0.0'}
    cpu: [arm64]
    os: [android]

  lightningcss-darwin-arm64@1.32.0:
    resolution: {integrity: sha512-RzeG9Ju5bag2Bv1/lwlVJvBE3q6TtXskdZLLCyfg5pt+HLz9BqlICO7LZM7VHNTTn/5PRhHFBSjk5lc4cmscPQ==}
    engines: {node: '>= 12.0.0'}
    cpu: [arm64]
    os: [darwin]

  lightningcss-darwin-x64@1.32.0:
    resolution: {integrity: sha512-U+QsBp2m/s2wqpUYT/6wnlagdZbtZdndSmut/NJqlCcMLTWp5muCrID+K5UJ6jqD2BFshejCYXniPDbNh73V8w==}
    engines: {node: '>= 12.0.0'}
    cpu: [x64]
    os: [darwin]

  lightningcss-freebsd-x64@1.32.0:
    resolution: {integrity: sha512-JCTigedEksZk3tHTTthnMdVfGf61Fky8Ji2E4YjUTEQX14xiy/lTzXnu1vwiZe3bYe0q+SpsSH/CTeDXK6WHig==}
    engines: {node: '>= 12.0.0'}
    cpu: [x64]
    os: [freebsd]

  lightningcss-linux-arm-gnueabihf@1.32.0:
    resolution: {integrity: sha512-x6rnnpRa2GL0zQOkt6rts3YDPzduLpWvwAF6EMhXFVZXD4tPrBkEFqzGowzCsIWsPjqSK+tyNEODUBXeeVHSkw==}
    engines: {node: '>= 12.0.0'}
    cpu: [arm]
    os: [linux]

  lightningcss-linux-arm64-gnu@1.32.0:
    resolution: {integrity: sha512-0nnMyoyOLRJXfbMOilaSRcLH3Jw5z9HDNGfT/gwCPgaDjnx0i8w7vBzFLFR1f6CMLKF8gVbebmkUN3fa/kQJpQ==}
    engines: {node: '>= 12.0.0'}
    cpu: [arm64]
    os: [linux]
    libc: [glibc]

  lightningcss-linux-arm64-musl@1.32.0:
    resolution: {integrity: sha512-UpQkoenr4UJEzgVIYpI80lDFvRmPVg6oqboNHfoH4CQIfNA+HOrZ7Mo7KZP02dC6LjghPQJeBsvXhJod/wnIBg==}
    engines: {node: '>= 12.0.0'}
    cpu: [arm64]
    os: [linux]
    libc: [musl]

  lightningcss-linux-x64-gnu@1.32.0:
    resolution: {integrity: sha512-V7Qr52IhZmdKPVr+Vtw8o+WLsQJYCTd8loIfpDaMRWGUZfBOYEJeyJIkqGIDMZPwPx24pUMfwSxxI8phr/MbOA==}
    engines: {node: '>= 12.0.0'}
    cpu: [x64]
    os: [linux]
    libc: [glibc]

  lightningcss-linux-x64-musl@1.32.0:
    resolution: {integrity: sha512-bYcLp+Vb0awsiXg/80uCRezCYHNg1/l3mt0gzHnWV9XP1W5sKa5/TCdGWaR/zBM2PeF/HbsQv/j2URNOiVuxWg==}
    engines: {node: '>= 12.0.0'}
    cpu: [x64]
    os: [linux]
    libc: [musl]

  lightningcss-win32-arm64-msvc@1.32.0:
    resolution: {integrity: sha512-8SbC8BR40pS6baCM8sbtYDSwEVQd4JlFTOlaD3gWGHfThTcABnNDBda6eTZeqbofalIJhFx0qKzgHJmcPTnGdw==}
    engines: {node: '>= 12.0.0'}
    cpu: [arm64]
    os: [win32]

  lightningcss-win32-x64-msvc@1.32.0:
    resolution: {integrity: sha512-Amq9B/SoZYdDi1kFrojnoqPLxYhQ4Wo5XiL8EVJrVsB8ARoC1PWW6VGtT0WKCemjy8aC+louJnjS7U18x3b06Q==}
    engines: {node: '>= 12.0.0'}
    cpu: [x64]
    os: [win32]

  lightningcss@1.32.0:
    resolution: {integrity: sha512-NXYBzinNrblfraPGyrbPoD19C1h9lfI/1mzgWYvXUTe414Gz/X1FD2XBZSZM7rRTrMA8JL3OtAaGifrIKhQ5yQ==}
    engines: {node: '>= 12.0.0'}

  nanoid@3.3.11:
    resolution: {integrity: sha512-N8SpfPUnUp1bK+PMYW8qSWdl9U+wwNWI4QKxOYDy9JAro3WMX7p2OeVRF9v+347pnakNevPmiHhNmZ2HbFA76w==}
    engines: {node: ^10 || ^12 || ^13.7 || ^14 || >=15.0.1}
    hasBin: true

  otplib@13.4.0:
    resolution: {integrity: sha512-RUcYcRMCgRWhUE/XabRppXpUwCwaWBNHe5iPXhdvP8wwDGpGpsIf/kxX/ec3zFsOaM1Oq8lEhUqDwk6W7DHkwg==}

  picocolors@1.1.1:
    resolution: {integrity: sha512-xceH2snhtb5M9liqDsmEw56le376mTZkEX/jEb/RxNFyegNul7eNslCXP9FDj/Lcu0X8KEyMceP2ntpaHrDEVA==}

  picomatch@4.0.4:
    resolution: {integrity: sha512-QP88BAKvMam/3NxH6vj2o21R6MjxZUAd6nlwAS/pnGvN9IVLocLHxGYIzFhg6fUQ+5th6P4dv4eW9jX3DSIj7A==}
    engines: {node: '>=12'}

  playwright-core@1.59.1:
    resolution: {integrity: sha512-HBV/RJg81z5BiiZ9yPzIiClYV/QMsDCKUyogwH9p3MCP6IYjUFu/MActgYAvK0oWyV9NlwM3GLBjADyWgydVyg==}
    engines: {node: '>=18'}
    hasBin: true

  playwright@1.59.1:
    resolution: {integrity: sha512-C8oWjPR3F81yljW9o5OxcWzfh6avkVwDD2VYdwIGqTkl+OGFISgypqzfu7dOe4QNLL2aqcWBmI3PMtLIK233lw==}
    engines: {node: '>=18'}
    hasBin: true

  postcss@8.5.12:
    resolution: {integrity: sha512-W62t/Se6rA0Az3DfCL0AqJwXuKwBeYg6nOaIgzP+xZ7N5BFCI7DYi1qs6ygUYT6rvfi6t9k65UMLJC+PHZpDAA==}
    engines: {node: ^10 || ^12 || >=14}

  react-dom@19.2.5:
    resolution: {integrity: sha512-J5bAZz+DXMMwW/wV3xzKke59Af6CHY7G4uYLN1OvBcKEsWOs4pQExj86BBKamxl/Ik5bx9whOrvBlSDfWzgSag==}
    peerDependencies:
      react: ^19.2.5

  react-number-format@5.4.5:
    resolution: {integrity: sha512-y8O2yHHj3w0aE9XO8d2BCcUOOdQTRSVq+WIuMlLVucAm5XNjJAy+BoOJiuQMldVYVOKTMyvVNfnbl2Oqp+YxGw==}
    peerDependencies:
      react: ^0.14 || ^15.0.0 || ^16.0.0 || ^17.0.0 || ^18.0.0 || ^19.0.0
      react-dom: ^0.14 || ^15.0.0 || ^16.0.0 || ^17.0.0 || ^18.0.0 || ^19.0.0

  react-remove-scroll-bar@2.3.8:
    resolution: {integrity: sha512-9r+yi9+mgU33AKcj6IbT9oRCO78WriSj6t/cF8DWBZJ9aOGPOTEDvdUDz1FwKim7QXWwmHqtdHnRJfhAxEG46Q==}
    engines: {node: '>=10'}
    peerDependencies:
      '@types/react': '*'
      react: ^16.8.0 || ^17.0.0 || ^18.0.0 || ^19.0.0
    peerDependenciesMeta:
      '@types/react':
        optional: true

  react-remove-scroll@2.7.2:
    resolution: {integrity: sha512-Iqb9NjCCTt6Hf+vOdNIZGdTiH1QSqr27H/Ek9sv/a97gfueI/5h1s3yRi1nngzMUaOOToin5dI1dXKdXiF+u0Q==}
    engines: {node: '>=10'}
    peerDependencies:
      '@types/react': '*'
      react: ^16.8.0 || ^17.0.0 || ^18.0.0 || ^19.0.0 || ^19.0.0-rc
    peerDependenciesMeta:
      '@types/react':
        optional: true

  react-style-singleton@2.2.3:
    resolution: {integrity: sha512-b6jSvxvVnyptAiLjbkWLE/lOnR4lfTtDAl+eUC7RZy+QQWc6wRzIV2CE6xBuMmDxc2qIihtDCZD5NPOFl7fRBQ==}
    engines: {node: '>=10'}
    peerDependencies:
      '@types/react': '*'
      react: ^16.8.0 || ^17.0.0 || ^18.0.0 || ^19.0.0 || ^19.0.0-rc
    peerDependenciesMeta:
      '@types/react':
        optional: true

  react@19.2.5:
    resolution: {integrity: sha512-llUJLzz1zTUBrskt2pwZgLq59AemifIftw4aB7JxOqf1HY2FDaGDxgwpAPVzHU1kdWabH7FauP4i1oEeer2WCA==}
    engines: {node: '>=0.10.0'}

  rolldown@1.0.0-rc.17:
    resolution: {integrity: sha512-ZrT53oAKrtA4+YtBWPQbtPOxIbVDbxT0orcYERKd63VJTF13zPcgXTvD4843L8pcsI7M6MErt8QtON6lrB9tyA==}
    engines: {node: ^20.19.0 || >=22.12.0}
    hasBin: true

  scheduler@0.27.0:
    resolution: {integrity: sha512-eNv+WrVbKu1f3vbYJT/xtiF5syA5HPIMtf9IgY/nKg0sWqzAUEvqY/xm7OcZc/qafLx/iO9FgOmeSAp4v5ti/Q==}

  source-map-js@1.2.1:
    resolution: {integrity: sha512-UXWMKhLOwVKb728IUtQPXxfYU+usdybtUrK/8uGE8CQMvrhOpwvzDBwj0QhSL7MQc7vIsISBG8VQ8+IDQxpfQA==}
    engines: {node: '>=0.10.0'}

  tabbable@6.4.0:
    resolution: {integrity: sha512-05PUHKSNE8ou2dwIxTngl4EzcnsCDZGJ/iCLtDflR/SHB/ny14rXc+qU5P4mG9JkusiV7EivzY9Mhm55AzAvCg==}

  tagged-tag@1.0.0:
    resolution: {integrity: sha512-yEFYrVhod+hdNyx7g5Bnkkb0G6si8HJurOoOEgC8B/O0uXLHlaey/65KRv6cuWBNhBgHKAROVpc7QyYqE5gFng==}
    engines: {node: '>=20'}

  tinyglobby@0.2.16:
    resolution: {integrity: sha512-pn99VhoACYR8nFHhxqix+uvsbXineAasWm5ojXoN8xEwK5Kd3/TrhNn1wByuD52UxWRLy8pu+kRMniEi6Eq9Zg==}
    engines: {node: '>=12.0.0'}

  tslib@2.8.1:
    resolution: {integrity: sha512-oJFu94HQb+KVduSUQL7wnpmqnfmLsOA/nAh6b6EH0wCEoK0/mPeXU6c3wKDV83MkOuHPRHtSXKKU99IBazS/2w==}

  type-fest@5.6.0:
    resolution: {integrity: sha512-8ZiHFm91orbSAe2PSAiSVBVko18pbhbiB3U9GglSzF/zCGkR+rxpHx6sEMCUm4kxY4LjDIUGgCfUMtwfZfjfUA==}
    engines: {node: '>=20'}

  typescript@6.0.3:
    resolution: {integrity: sha512-y2TvuxSZPDyQakkFRPZHKFm+KKVqIisdg9/CZwm9ftvKXLP8NRWj38/ODjNbr43SsoXqNuAisEf1GdCxqWcdBw==}
    engines: {node: '>=14.17'}
    hasBin: true

  use-callback-ref@1.3.3:
    resolution: {integrity: sha512-jQL3lRnocaFtu3V00JToYz/4QkNWswxijDaCVNZRiRTO3HQDLsdu1ZtmIUvV4yPp+rvWm5j0y0TG/S61cuijTg==}
    engines: {node: '>=10'}
    peerDependencies:
      '@types/react': '*'
      react: ^16.8.0 || ^17.0.0 || ^18.0.0 || ^19.0.0 || ^19.0.0-rc
    peerDependenciesMeta:
      '@types/react':
        optional: true

  use-sidecar@1.1.3:
    resolution: {integrity: sha512-Fedw0aZvkhynoPYlA5WXrMCAMm+nSWdZt6lzJQ7Ok8S6Q+VsHmHpRWndVRJ8Be0ZbkfPc5LRYH+5XrzXcEeLRQ==}
    engines: {node: '>=10'}
    peerDependencies:
      '@types/react': '*'
      react: ^16.8.0 || ^17.0.0 || ^18.0.0 || ^19.0.0 || ^19.0.0-rc
    peerDependenciesMeta:
      '@types/react':
        optional: true

  vite-plugin-css-injected-by-js@3.5.2:
    resolution: {integrity: sha512-2MpU/Y+SCZyWUB6ua3HbJCrgnF0KACAsmzOQt1UvRVJCGF6S8xdA3ZUhWcWdM9ivG4I5az8PnQmwwrkC2CAQrQ==}
    peerDependencies:
      vite: '>2.0.0-0'

  vite@8.0.10:
    resolution: {integrity: sha512-rZuUu9j6J5uotLDs+cAA4O5H4K1SfPliUlQwqa6YEwSrWDZzP4rhm00oJR5snMewjxF5V/K3D4kctsUTsIU9Mw==}
    engines: {node: ^20.19.0 || >=22.12.0}
    hasBin: true
    peerDependencies:
      '@types/node': ^20.19.0 || >=22.12.0
      '@vitejs/devtools': ^0.1.0
      esbuild: ^0.27.0 || ^0.28.0
      jiti: '>=1.21.0'
      less: ^4.0.0
      sass: ^1.70.0
      sass-embedded: ^1.70.0
      stylus: '>=0.54.8'
      sugarss: ^5.0.0
      terser: ^5.16.0
      tsx: ^4.8.1
      yaml: ^2.4.2
    peerDependenciesMeta:
      '@types/node':
        optional: true
      '@vitejs/devtools':
        optional: true
      esbuild:
        optional: true
      jiti:
        optional: true
      less:
        optional: true
      sass:
        optional: true
      sass-embedded:
        optional: true
      stylus:
        optional: true
      sugarss:
        optional: true
      terser:
        optional: true
      tsx:
        optional: true
      yaml:
        optional: true

snapshots:

  '@emnapi/core@1.10.0':
    dependencies:
      '@emnapi/wasi-threads': 1.2.1
      tslib: 2.8.1
    optional: true

  '@emnapi/runtime@1.10.0':
    dependencies:
      tslib: 2.8.1
    optional: true

  '@emnapi/wasi-threads@1.2.1':
    dependencies:
      tslib: 2.8.1
    optional: true

  '@floating-ui/core@1.7.5':
    dependencies:
      '@floating-ui/utils': 0.2.11

  '@floating-ui/dom@1.7.6':
    dependencies:
      '@floating-ui/core': 1.7.5
      '@floating-ui/utils': 0.2.11

  '@floating-ui/react-dom@2.1.8(react-dom@19.2.5(react@19.2.5))(react@19.2.5)':
    dependencies:
      '@floating-ui/dom': 1.7.6
      react: 19.2.5
      react-dom: 19.2.5(react@19.2.5)

  '@floating-ui/react@0.27.19(react-dom@19.2.5(react@19.2.5))(react@19.2.5)':
    dependencies:
      '@floating-ui/react-dom': 2.1.8(react-dom@19.2.5(react@19.2.5))(react@19.2.5)
      '@floating-ui/utils': 0.2.11
      react: 19.2.5
      react-dom: 19.2.5(react@19.2.5)
      tabbable: 6.4.0

  '@floating-ui/utils@0.2.11': {}

  '@mantine/core@9.1.0(@mantine/hooks@9.1.0(react@19.2.5))(@types/react@19.2.14)(react-dom@19.2.5(react@19.2.5))(react@19.2.5)':
    dependencies:
      '@floating-ui/react': 0.27.19(react-dom@19.2.5(react@19.2.5))(react@19.2.5)
      '@mantine/hooks': 9.1.0(react@19.2.5)
      clsx: 2.1.1
      react: 19.2.5
      react-dom: 19.2.5(react@19.2.5)
      react-number-format: 5.4.5(react-dom@19.2.5(react@19.2.5))(react@19.2.5)
      react-remove-scroll: 2.7.2(@types/react@19.2.14)(react@19.2.5)
      type-fest: 5.6.0
    transitivePeerDependencies:
      - '@types/react'

  '@mantine/hooks@9.1.0(react@19.2.5)':
    dependencies:
      react: 19.2.5

  '@napi-rs/wasm-runtime@1.1.4(@emnapi/core@1.10.0)(@emnapi/runtime@1.10.0)':
    dependencies:
      '@emnapi/core': 1.10.0
      '@emnapi/runtime': 1.10.0
      '@tybys/wasm-util': 0.10.1
    optional: true

  '@noble/hashes@2.2.0': {}

  '@otplib/core@13.4.0': {}

  '@otplib/hotp@13.4.0':
    dependencies:
      '@otplib/core': 13.4.0
      '@otplib/uri': 13.4.0

  '@otplib/plugin-base32-scure@13.4.0':
    dependencies:
      '@otplib/core': 13.4.0
      '@scure/base': 2.2.0

  '@otplib/plugin-crypto-noble@13.4.0':
    dependencies:
      '@noble/hashes': 2.2.0
      '@otplib/core': 13.4.0

  '@otplib/totp@13.4.0':
    dependencies:
      '@otplib/core': 13.4.0
      '@otplib/hotp': 13.4.0
      '@otplib/uri': 13.4.0

  '@otplib/uri@13.4.0':
    dependencies:
      '@otplib/core': 13.4.0

  '@oxc-project/types@0.127.0': {}

  '@playwright/test@1.59.1':
    dependencies:
      playwright: 1.59.1

  '@rolldown/binding-android-arm64@1.0.0-rc.17':
    optional: true

  '@rolldown/binding-darwin-arm64@1.0.0-rc.17':
    optional: true

  '@rolldown/binding-darwin-x64@1.0.0-rc.17':
    optional: true

  '@rolldown/binding-freebsd-x64@1.0.0-rc.17':
    optional: true

  '@rolldown/binding-linux-arm-gnueabihf@1.0.0-rc.17':
    optional: true

  '@rolldown/binding-linux-arm64-gnu@1.0.0-rc.17':
    optional: true

  '@rolldown/binding-linux-arm64-musl@1.0.0-rc.17':
    optional: true

  '@rolldown/binding-linux-ppc64-gnu@1.0.0-rc.17':
    optional: true

  '@rolldown/binding-linux-s390x-gnu@1.0.0-rc.17':
    optional: true

  '@rolldown/binding-linux-x64-gnu@1.0.0-rc.17':
    optional: true

  '@rolldown/binding-linux-x64-musl@1.0.0-rc.17':
    optional: true

  '@rolldown/binding-openharmony-arm64@1.0.0-rc.17':
    optional: true

  '@rolldown/binding-wasm32-wasi@1.0.0-rc.17':
    dependencies:
      '@emnapi/core': 1.10.0
      '@emnapi/runtime': 1.10.0
      '@napi-rs/wasm-runtime': 1.1.4(@emnapi/core@1.10.0)(@emnapi/runtime@1.10.0)
    optional: true

  '@rolldown/binding-win32-arm64-msvc@1.0.0-rc.17':
    optional: true

  '@rolldown/binding-win32-x64-msvc@1.0.0-rc.17':
    optional: true

  '@rolldown/pluginutils@1.0.0-rc.17': {}

  '@scure/base@2.2.0': {}

  '@tabler/icons-react@3.41.1(react@19.2.5)':
    dependencies:
      '@tabler/icons': 3.41.1
      react: 19.2.5

  '@tabler/icons@3.41.1': {}

  '@tanstack/query-core@5.100.5': {}

  '@tanstack/react-query@5.100.5(react@19.2.5)':
    dependencies:
      '@tanstack/query-core': 5.100.5
      react: 19.2.5

  '@tybys/wasm-util@0.10.1':
    dependencies:
      tslib: 2.8.1
    optional: true

  '@types/react-dom@19.2.3(@types/react@19.2.14)':
    dependencies:
      '@types/react': 19.2.14

  '@types/react@19.2.14':
    dependencies:
      csstype: 3.2.3

  clsx@2.1.1: {}

  csstype@3.2.3: {}

  detect-libc@2.1.2: {}

  detect-node-es@1.1.0: {}

  fdir@6.5.0(picomatch@4.0.4):
    optionalDependencies:
      picomatch: 4.0.4

  fsevents@2.3.2:
    optional: true

  fsevents@2.3.3:
    optional: true

  get-nonce@1.0.1: {}

  lightningcss-android-arm64@1.32.0:
    optional: true

  lightningcss-darwin-arm64@1.32.0:
    optional: true

  lightningcss-darwin-x64@1.32.0:
    optional: true

  lightningcss-freebsd-x64@1.32.0:
    optional: true

  lightningcss-linux-arm-gnueabihf@1.32.0:
    optional: true

  lightningcss-linux-arm64-gnu@1.32.0:
    optional: true

  lightningcss-linux-arm64-musl@1.32.0:
    optional: true

  lightningcss-linux-x64-gnu@1.32.0:
    optional: true

  lightningcss-linux-x64-musl@1.32.0:
    optional: true

  lightningcss-win32-arm64-msvc@1.32.0:
    optional: true

  lightningcss-win32-x64-msvc@1.32.0:
    optional: true

  lightningcss@1.32.0:
    dependencies:
      detect-libc: 2.1.2
    optionalDependencies:
      lightningcss-android-arm64: 1.32.0
      lightningcss-darwin-arm64: 1.32.0
      lightningcss-darwin-x64: 1.32.0
      lightningcss-freebsd-x64: 1.32.0
      lightningcss-linux-arm-gnueabihf: 1.32.0
      lightningcss-linux-arm64-gnu: 1.32.0
      lightningcss-linux-arm64-musl: 1.32.0
      lightningcss-linux-x64-gnu: 1.32.0
      lightningcss-linux-x64-musl: 1.32.0
      lightningcss-win32-arm64-msvc: 1.32.0
      lightningcss-win32-x64-msvc: 1.32.0

  nanoid@3.3.11: {}

  otplib@13.4.0:
    dependencies:
      '@otplib/core': 13.4.0
      '@otplib/hotp': 13.4.0
      '@otplib/plugin-base32-scure': 13.4.0
      '@otplib/plugin-crypto-noble': 13.4.0
      '@otplib/totp': 13.4.0
      '@otplib/uri': 13.4.0

  picocolors@1.1.1: {}

  picomatch@4.0.4: {}

  playwright-core@1.59.1: {}

  playwright@1.59.1:
    dependencies:
      playwright-core: 1.59.1
    optionalDependencies:
      fsevents: 2.3.2

  postcss@8.5.12:
    dependencies:
      nanoid: 3.3.11
      picocolors: 1.1.1
      source-map-js: 1.2.1

  react-dom@19.2.5(react@19.2.5):
    dependencies:
      react: 19.2.5
      scheduler: 0.27.0

  react-number-format@5.4.5(react-dom@19.2.5(react@19.2.5))(react@19.2.5):
    dependencies:
      react: 19.2.5
      react-dom: 19.2.5(react@19.2.5)

  react-remove-scroll-bar@2.3.8(@types/react@19.2.14)(react@19.2.5):
    dependencies:
      react: 19.2.5
      react-style-singleton: 2.2.3(@types/react@19.2.14)(react@19.2.5)
      tslib: 2.8.1
    optionalDependencies:
      '@types/react': 19.2.14

  react-remove-scroll@2.7.2(@types/react@19.2.14)(react@19.2.5):
    dependencies:
      react: 19.2.5
      react-remove-scroll-bar: 2.3.8(@types/react@19.2.14)(react@19.2.5)
      react-style-singleton: 2.2.3(@types/react@19.2.14)(react@19.2.5)
      tslib: 2.8.1
      use-callback-ref: 1.3.3(@types/react@19.2.14)(react@19.2.5)
      use-sidecar: 1.1.3(@types/react@19.2.14)(react@19.2.5)
    optionalDependencies:
      '@types/react': 19.2.14

  react-style-singleton@2.2.3(@types/react@19.2.14)(react@19.2.5):
    dependencies:
      get-nonce: 1.0.1
      react: 19.2.5
      tslib: 2.8.1
    optionalDependencies:
      '@types/react': 19.2.14

  react@19.2.5: {}

  rolldown@1.0.0-rc.17:
    dependencies:
      '@oxc-project/types': 0.127.0
      '@rolldown/pluginutils': 1.0.0-rc.17
    optionalDependencies:
      '@rolldown/binding-android-arm64': 1.0.0-rc.17
      '@rolldown/binding-darwin-arm64': 1.0.0-rc.17
      '@rolldown/binding-darwin-x64': 1.0.0-rc.17
      '@rolldown/binding-freebsd-x64': 1.0.0-rc.17
      '@rolldown/binding-linux-arm-gnueabihf': 1.0.0-rc.17
      '@rolldown/binding-linux-arm64-gnu': 1.0.0-rc.17
      '@rolldown/binding-linux-arm64-musl': 1.0.0-rc.17
      '@rolldown/binding-linux-ppc64-gnu': 1.0.0-rc.17
      '@rolldown/binding-linux-s390x-gnu': 1.0.0-rc.17
      '@rolldown/binding-linux-x64-gnu': 1.0.0-rc.17
      '@rolldown/binding-linux-x64-musl': 1.0.0-rc.17
      '@rolldown/binding-openharmony-arm64': 1.0.0-rc.17
      '@rolldown/binding-wasm32-wasi': 1.0.0-rc.17
      '@rolldown/binding-win32-arm64-msvc': 1.0.0-rc.17
      '@rolldown/binding-win32-x64-msvc': 1.0.0-rc.17

  scheduler@0.27.0: {}

  source-map-js@1.2.1: {}

  tabbable@6.4.0: {}

  tagged-tag@1.0.0: {}

  tinyglobby@0.2.16:
    dependencies:
      fdir: 6.5.0(picomatch@4.0.4)
      picomatch: 4.0.4

  tslib@2.8.1: {}

  type-fest@5.6.0:
    dependencies:
      tagged-tag: 1.0.0

  typescript@6.0.3: {}

  use-callback-ref@1.3.3(@types/react@19.2.14)(react@19.2.5):
    dependencies:
      react: 19.2.5
      tslib: 2.8.1
    optionalDependencies:
      '@types/react': 19.2.14

  use-sidecar@1.1.3(@types/react@19.2.14)(react@19.2.5):
    dependencies:
      detect-node-es: 1.1.0
      react: 19.2.5
      tslib: 2.8.1
    optionalDependencies:
      '@types/react': 19.2.14

  vite-plugin-css-injected-by-js@3.5.2(vite@8.0.10):
    dependencies:
      vite: 8.0.10

  vite@8.0.10:
    dependencies:
      lightningcss: 1.32.0
      picomatch: 4.0.4
      postcss: 8.5.12
      rolldown: 1.0.0-rc.17
      tinyglobby: 0.2.16
    optionalDependencies:
      fsevents: 2.3.3
